
Microsoft Visual Studio Solution File, Format Version 12.00
Project("{FAE04EC0-301F-11D3-BF4B-00C04F79EFBC}") = "CitizenFirstUssd", "CitizenFirstUssd\CitizenFirstUssd.csproj", "{6659802D-67A0-4AEB-BF04-54C09EB2B12B}"
EndProject
Global
	GlobalSection(SolutionConfigurationPlatforms) = preSolution
		Debug|Any CPU = Debug|Any CPU
		Release|Any CPU = Release|Any CPU
	EndGlobalSection
	GlobalSection(ProjectConfigurationPlatforms) = postSolution
		{6659802D-67A0-4AEB-BF04-54C09EB2B12B}.Debug|Any CPU.ActiveCfg = Debug|Any CPU
		{6659802D-67A0-4AEB-BF04-54C09EB2B12B}.Debug|Any CPU.Build.0 = Debug|Any CPU
		{6659802D-67A0-4AEB-BF04-54C09EB2B12B}.Release|Any CPU.ActiveCfg = Release|Any CPU
		{6659802D-67A0-4AEB-BF04-54C09EB2B12B}.Release|Any CPU.Build.0 = Release|Any CPU
	EndGlobalSection
EndGlobal
